// !$*UTF8*$!
{
	archiveVersion = 1;
	classes = {
	};
	objectVersion = 50;
	objects = {

/* Begin PBXBuildFile section */
		9A16F79123CEC21D00401506 /* Welcome.storyboard in Resources */ = {isa = PBXBuildFile; fileRef = 9A16F79023CEC21D00401506 /* Welcome.storyboard */; };
		9A16F79323CEC25F00401506 /* WelcomeViewController.swift in Sources */ = {isa = PBXBuildFile; fileRef = 9A16F79223CEC25F00401506 /* WelcomeViewController.swift */; };
		9A31AA5923CDE81E007CA906 /* Home.storyboard in Resources */ = {isa = PBXBuildFile; fileRef = 9A31AA5823CDE81E007CA906 /* Home.storyboard */; };
		9A31AA5B23CDE867007CA906 /* HomeViewController.swift in Sources */ = {isa = PBXBuildFile; fileRef = 9A31AA5A23CDE867007CA906 /* HomeViewController.swift */; };
		9A6C460323C25B32008B6413 /* AppDelegate.swift in Sources */ = {isa = PBXBuildFile; fileRef = 9A6C460223C25B32008B6413 /* AppDelegate.swift */; };
		9A6C460523C25B32008B6413 /* SceneDelegate.swift in Sources */ = {isa = PBXBuildFile; fileRef = 9A6C460423C25B32008B6413 /* SceneDelegate.swift */; };
		9A6C460C23C25B33008B6413 /* Assets.xcassets in Resources */ = {isa = PBXBuildFile; fileRef = 9A6C460B23C25B33008B6413 /* Assets.xcassets */; };
		9A6C460F23C25B33008B6413 /* LaunchScreen.storyboard in Resources */ = {isa = PBXBuildFile; fileRef = 9A6C460D23C25B33008B6413 /* LaunchScreen.storyboard */; };
		9A6C461723C25DF8008B6413 /* GoogleService-Info.plist in Resources */ = {isa = PBXBuildFile; fileRef = 9A6C461623C25DF8008B6413 /* GoogleService-Info.plist */; };
		9A6D5B9A23CF0DAA00CFB2B4 /* NotoSansJP-Bold.otf in Resources */ = {isa = PBXBuildFile; fileRef = 9A6D5B9823CF0DA600CFB2B4 /* NotoSansJP-Bold.otf */; };
		9A6D5B9B23CF0DAA00CFB2B4 /* NotoSansJP-Regular.otf in Resources */ = {isa = PBXBuildFile; fileRef = 9A6D5B9923CF0DAA00CFB2B4 /* NotoSansJP-Regular.otf */; };
		C5D95AE3722C2FEE56761BCC /* Pods_Meeple.framework in Frameworks */ = {isa = PBXBuildFile; fileRef = 445EF727F4125388268A67D4 /* Pods_Meeple.framework */; };
/* End PBXBuildFile section */

/* Begin PBXFileReference section */
		016B2C6A47961704F5EFBA1B /* Pods-Meeple.debug.xcconfig */ = {isa = PBXFileReference; includeInIndex = 1; lastKnownFileType = text.xcconfig; name = "Pods-Meeple.debug.xcconfig"; path = "Pods/Target Support Files/Pods-Meeple/Pods-Meeple.debug.xcconfig"; sourceTree = "<group>"; };
		445EF727F4125388268A67D4 /* Pods_Meeple.framework */ = {isa = PBXFileReference; explicitFileType = wrapper.framework; includeInIndex = 0; path = Pods_Meeple.framework; sourceTree = BUILT_PRODUCTS_DIR; };
		90CA202DBF08F8ACA4B78F5C /* Pods-Meeple.release.xcconfig */ = {isa = PBXFileReference; includeInIndex = 1; lastKnownFileType = text.xcconfig; name = "Pods-Meeple.release.xcconfig"; path = "Pods/Target Support Files/Pods-Meeple/Pods-Meeple.release.xcconfig"; sourceTree = "<group>"; };
		9A16F79023CEC21D00401506 /* Welcome.storyboard */ = {isa = PBXFileReference; lastKnownFileType = file.storyboard; path = Welcome.storyboard; sourceTree = "<group>"; };
		9A16F79223CEC25F00401506 /* WelcomeViewController.swift */ = {isa = PBXFileReference; lastKnownFileType = sourcecode.swift; path = WelcomeViewController.swift; sourceTree = "<group>"; };
		9A31AA5823CDE81E007CA906 /* Home.storyboard */ = {isa = PBXFileReference; lastKnownFileType = file.storyboard; path = Home.storyboard; sourceTree = "<group>"; };
		9A31AA5A23CDE867007CA906 /* HomeViewController.swift */ = {isa = PBXFileReference; lastKnownFileType = sourcecode.swift; path = HomeViewController.swift; sourceTree = "<group>"; };
		9A6C45FF23C25B32008B6413 /* Meeple.app */ = {isa = PBXFileReference; explicitFileType = wrapper.application; includeInIndex = 0; path = Meeple.app; sourceTree = BUILT_PRODUCTS_DIR; };
		9A6C460223C25B32008B6413 /* AppDelegate.swift */ = {isa = PBXFileReference; lastKnownFileType = sourcecode.swift; path = AppDelegate.swift; sourceTree = "<group>"; };
		9A6C460423C25B32008B6413 /* SceneDelegate.swift */ = {isa = PBXFileReference; lastKnownFileType = sourcecode.swift; path = SceneDelegate.swift; sourceTree = "<group>"; };
		9A6C460B23C25B33008B6413 /* Assets.xcassets */ = {isa = PBXFileReference; lastKnownFileType = folder.assetcatalog; path = Assets.xcassets; sourceTree = "<group>"; };
		9A6C460E23C25B33008B6413 /* Base */ = {isa = PBXFileReference; lastKnownFileType = file.storyboard; name = Base; path = Base.lproj/LaunchScreen.storyboard; sourceTree = "<group>"; };
		9A6C461023C25B33008B6413 /* Info.plist */ = {isa = PBXFileReference; lastKnownFileType = text.plist.xml; path = Info.plist; sourceTree = "<group>"; };
		9A6C461623C25DF8008B6413 /* GoogleService-Info.plist */ = {isa = PBXFileReference; fileEncoding = 4; lastKnownFileType = text.plist.xml; path = "GoogleService-Info.plist"; sourceTree = "<group>"; };
		9A6D5B9823CF0DA600CFB2B4 /* NotoSansJP-Bold.otf */ = {isa = PBXFileReference; lastKnownFileType = file; path = "NotoSansJP-Bold.otf"; sourceTree = "<group>"; };
		9A6D5B9923CF0DAA00CFB2B4 /* NotoSansJP-Regular.otf */ = {isa = PBXFileReference; lastKnownFileType = file; path = "NotoSansJP-Regular.otf"; sourceTree = "<group>"; };
/* End PBXFileReference section */

/* Begin PBXFrameworksBuildPhase section */
		9A6C45FC23C25B32008B6413 /* Frameworks */ = {
			isa = PBXFrameworksBuildPhase;
			buildActionMask = 2147483647;
			files = (
				C5D95AE3722C2FEE56761BCC /* Pods_Meeple.framework in Frameworks */,
			);
			runOnlyForDeploymentPostprocessing = 0;
		};
/* End PBXFrameworksBuildPhase section */

/* Begin PBXGroup section */
		69097865B89362D7253216CE /* Frameworks */ = {
			isa = PBXGroup;
			children = (
				445EF727F4125388268A67D4 /* Pods_Meeple.framework */,
			);
			name = Frameworks;
			sourceTree = "<group>";
		};
		9A31AA5523CDA276007CA906 /* Controllers */ = {
			isa = PBXGroup;
			children = (
				9A6D5B9723CEE56500CFB2B4 /* HomeView */,
				9A6D5B9623CEE42F00CFB2B4 /* WelcomeView */,
			);
			path = Controllers;
			sourceTree = "<group>";
		};
		9A31AA5623CDA27F007CA906 /* Models */ = {
			isa = PBXGroup;
			children = (
			);
			path = Models;
			sourceTree = "<group>";
		};
		9A31AA5723CDA286007CA906 /* Storyboards */ = {
			isa = PBXGroup;
			children = (
				9A6C460D23C25B33008B6413 /* LaunchScreen.storyboard */,
				9A31AA5823CDE81E007CA906 /* Home.storyboard */,
				9A16F79023CEC21D00401506 /* Welcome.storyboard */,
			);
			path = Storyboards;
			sourceTree = "<group>";
		};
		9A6C45F623C25B32008B6413 = {
			isa = PBXGroup;
			children = (
				9A6C460123C25B32008B6413 /* Meeple */,
				9A6C460023C25B32008B6413 /* Products */,
				AC51E799450DE8C1BE2999D6 /* Pods */,
				69097865B89362D7253216CE /* Frameworks */,
			);
			sourceTree = "<group>";
		};
		9A6C460023C25B32008B6413 /* Products */ = {
			isa = PBXGroup;
			children = (
				9A6C45FF23C25B32008B6413 /* Meeple.app */,
			);
			name = Products;
			sourceTree = "<group>";
		};
		9A6C460123C25B32008B6413 /* Meeple */ = {
			isa = PBXGroup;
			children = (
				9A6C460223C25B32008B6413 /* AppDelegate.swift */,
				9A6C460423C25B32008B6413 /* SceneDelegate.swift */,
				9A31AA5623CDA27F007CA906 /* Models */,
				9A31AA5523CDA276007CA906 /* Controllers */,
				9A31AA5723CDA286007CA906 /* Storyboards */,
				9A6C460B23C25B33008B6413 /* Assets.xcassets */,
				9A6C461023C25B33008B6413 /* Info.plist */,
				9A6C461623C25DF8008B6413 /* GoogleService-Info.plist */,
				9A6D5B9823CF0DA600CFB2B4 /* NotoSansJP-Bold.otf */,
				9A6D5B9923CF0DAA00CFB2B4 /* NotoSansJP-Regular.otf */,
			);
			path = Meeple;
			sourceTree = "<group>";
		};
		9A6D5B9623CEE42F00CFB2B4 /* WelcomeView */ = {
			isa = PBXGroup;
			children = (
				9A16F79223CEC25F00401506 /* WelcomeViewController.swift */,
			);
			path = WelcomeView;
			sourceTree = "<group>";
		};
		9A6D5B9723CEE56500CFB2B4 /* HomeView */ = {
			isa = PBXGroup;
			children = (
				9A31AA5A23CDE867007CA906 /* HomeViewController.swift */,
			);
			path = HomeView;
			sourceTree = "<group>";
		};
		AC51E799450DE8C1BE2999D6 /* Pods */ = {
			isa = PBXGroup;
			children = (
				016B2C6A47961704F5EFBA1B /* Pods-Meeple.debug.xcconfig */,
				90CA202DBF08F8ACA4B78F5C /* Pods-Meeple.release.xcconfig */,
			);
			name = Pods;
			sourceTree = "<group>";
		};
/* End PBXGroup section */

/* Begin PBXNativeTarget section */
		9A6C45FE23C25B32008B6413 /* Meeple */ = {
			isa = PBXNativeTarget;
			buildConfigurationList = 9A6C461323C25B33008B6413 /* Build configuration list for PBXNativeTarget "Meeple" */;
			buildPhases = (
				A6AC20A246561D7BDCBDBB90 /* [CP] Check Pods Manifest.lock */,
				9A6C45FB23C25B32008B6413 /* Sources */,
				9A6C45FC23C25B32008B6413 /* Frameworks */,
				9A6C45FD23C25B32008B6413 /* Resources */,
				F6CDBEECB2349DF093DB7083 /* [CP] Embed Pods Frameworks */,
				9A444B9723C3A24D0059CDC1 /* ShellScript */,
			);
			buildRules = (
			);
			dependencies = (
			);
			name = Meeple;
			productName = Meeple;
			productReference = 9A6C45FF23C25B32008B6413 /* Meeple.app */;
			productType = "com.apple.product-type.application";
		};
/* End PBXNativeTarget section */

/* Begin PBXProject section */
		9A6C45F723C25B32008B6413 /* Project object */ = {
			isa = PBXProject;
			attributes = {
				LastSwiftUpdateCheck = 1100;
				LastUpgradeCheck = 1100;
				ORGANIZATIONNAME = Meeple;
				TargetAttributes = {
					9A6C45FE23C25B32008B6413 = {
						CreatedOnToolsVersion = 11.0;
					};
				};
			};
			buildConfigurationList = 9A6C45FA23C25B32008B6413 /* Build configuration list for PBXProject "Meeple" */;
			compatibilityVersion = "Xcode 9.3";
			developmentRegion = en;
			hasScannedForEncodings = 0;
			knownRegions = (
				en,
				Base,
			);
			mainGroup = 9A6C45F623C25B32008B6413;
			productRefGroup = 9A6C460023C25B32008B6413 /* Products */;
			projectDirPath = "";
			projectRoot = "";
			targets = (
				9A6C45FE23C25B32008B6413 /* Meeple */,
			);
		};
/* End PBXProject section */

/* Begin PBXResourcesBuildPhase section */
		9A6C45FD23C25B32008B6413 /* Resources */ = {
			isa = PBXResourcesBuildPhase;
			buildActionMask = 2147483647;
			files = (
				9A6D5B9B23CF0DAA00CFB2B4 /* NotoSansJP-Regular.otf in Resources */,
				9A31AA5923CDE81E007CA906 /* Home.storyboard in Resources */,
				9A6D5B9A23CF0DAA00CFB2B4 /* NotoSansJP-Bold.otf in Resources */,
				9A6C460F23C25B33008B6413 /* LaunchScreen.storyboard in Resources */,
				9A6C461723C25DF8008B6413 /* GoogleService-Info.plist in Resources */,
				9A16F79123CEC21D00401506 /* Welcome.storyboard in Resources */,
				9A6C460C23C25B33008B6413 /* Assets.xcassets in Resources */,
			);
			runOnlyForDeploymentPostprocessing = 0;
		};
/* End PBXResourcesBuildPhase section */

/* Begin PBXShellScriptBuildPhase section */
		9A444B9723C3A24D0059CDC1 /* ShellScript */ = {
			isa = PBXShellScriptBuildPhase;
			buildActionMask = 2147483647;
			files = (
			);
			inputFileListPaths = (
			);
			inputPaths = (
			);
			outputFileListPaths = (
			);
			outputPaths = (
			);
			runOnlyForDeploymentPostprocessing = 0;
			shellPath = /bin/sh;
			shellScript = "# Type a script or drag a script file from your workspace to insert its path.\n\"${PODS_ROOT}/SwiftLint/swiftlint\"\n";
		};
		A6AC20A246561D7BDCBDBB90 /* [CP] Check Pods Manifest.lock */ = {
			isa = PBXShellScriptBuildPhase;
			buildActionMask = 2147483647;
			files = (
			);
			inputFileListPaths = (
			);
			inputPaths = (
				"${PODS_PODFILE_DIR_PATH}/Podfile.lock",
				"${PODS_ROOT}/Manifest.lock",
			);
			name = "[CP] Check Pods Manifest.lock";
			outputFileListPaths = (
			);
			outputPaths = (
				"$(DERIVED_FILE_DIR)/Pods-Meeple-checkManifestLockResult.txt",
			);
			runOnlyForDeploymentPostprocessing = 0;
			shellPath = /bin/sh;
			shellScript = "diff \"${PODS_PODFILE_DIR_PATH}/Podfile.lock\" \"${PODS_ROOT}/Manifest.lock\" > /dev/null\nif [ $? != 0 ] ; then\n    # print error to STDERR\n    echo \"error: The sandbox is not in sync with the Podfile.lock. Run 'pod install' or update your CocoaPods installation.\" >&2\n    exit 1\nfi\n# This output is used by Xcode 'outputs' to avoid re-running this script phase.\necho \"SUCCESS\" > \"${SCRIPT_OUTPUT_FILE_0}\"\n";
			showEnvVarsInLog = 0;
		};
		F6CDBEECB2349DF093DB7083 /* [CP] Embed Pods Frameworks */ = {
			isa = PBXShellScriptBuildPhase;
			buildActionMask = 2147483647;
			files = (
			);
			inputFileListPaths = (
			);
			inputPaths = (
				"${SRCROOT}/Pods/Target Support Files/Pods-Meeple/Pods-Meeple-frameworks.sh",
				"${BUILT_PRODUCTS_DIR}/BoringSSL-GRPC/openssl_grpc.framework",
				"${BUILT_PRODUCTS_DIR}/CodableFirebase/CodableFirebase.framework",
				"${BUILT_PRODUCTS_DIR}/GTMSessionFetcher/GTMSessionFetcher.framework",
				"${BUILT_PRODUCTS_DIR}/GoogleUtilities/GoogleUtilities.framework",
				"${BUILT_PRODUCTS_DIR}/Nuke/Nuke.framework",
				"${BUILT_PRODUCTS_DIR}/Protobuf/protobuf.framework",
				"${BUILT_PRODUCTS_DIR}/SVProgressHUD/SVProgressHUD.framework",
				"${BUILT_PRODUCTS_DIR}/abseil/absl.framework",
				"${BUILT_PRODUCTS_DIR}/gRPC-C++/grpcpp.framework",
				"${BUILT_PRODUCTS_DIR}/gRPC-Core/grpc.framework",
				"${BUILT_PRODUCTS_DIR}/leveldb-library/leveldb.framework",
				"${BUILT_PRODUCTS_DIR}/nanopb/nanopb.framework",
			);
			name = "[CP] Embed Pods Frameworks";
			outputFileListPaths = (
			);
			outputPaths = (
				"${TARGET_BUILD_DIR}/${FRAMEWORKS_FOLDER_PATH}/openssl_grpc.framework",
				"${TARGET_BUILD_DIR}/${FRAMEWORKS_FOLDER_PATH}/CodableFirebase.framework",
				"${TARGET_BUILD_DIR}/${FRAMEWORKS_FOLDER_PATH}/GTMSessionFetcher.framework",
				"${TARGET_BUILD_DIR}/${FRAMEWORKS_FOLDER_PATH}/GoogleUtilities.framework",
				"${TARGET_BUILD_DIR}/${FRAMEWORKS_FOLDER_PATH}/Nuke.framework",
				"${TARGET_BUILD_DIR}/${FRAMEWORKS_FOLDER_PATH}/protobuf.framework",
				"${TARGET_BUILD_DIR}/${FRAMEWORKS_FOLDER_PATH}/SVProgressHUD.framework",
				"${TARGET_BUILD_DIR}/${FRAMEWORKS_FOLDER_PATH}/absl.framework",
				"${TARGET_BUILD_DIR}/${FRAMEWORKS_FOLDER_PATH}/grpcpp.framework",
				"${TARGET_BUILD_DIR}/${FRAMEWORKS_FOLDER_PATH}/grpc.framework",
				"${TARGET_BUILD_DIR}/${FRAMEWORKS_FOLDER_PATH}/leveldb.framework",
				"${TARGET_BUILD_DIR}/${FRAMEWORKS_FOLDER_PATH}/nanopb.framework",
			);
			runOnlyForDeploymentPostprocessing = 0;
			shellPath = /bin/sh;
			shellScript = "\"${SRCROOT}/Pods/Target Support Files/Pods-Meeple/Pods-Meeple-frameworks.sh\"\n";
			showEnvVarsInLog = 0;
		};
/* End PBXShellScriptBuildPhase section */

/* Begin PBXSourcesBuildPhase section */
		9A6C45FB23C25B32008B6413 /* Sources */ = {
			isa = PBXSourcesBuildPhase;
			buildActionMask = 2147483647;
			files = (
				9A6C460323C25B32008B6413 /* AppDelegate.swift in Sources */,
				9A16F79323CEC25F00401506 /* WelcomeViewController.swift in Sources */,
				9A6C460523C25B32008B6413 /* SceneDelegate.swift in Sources */,
				9A31AA5B23CDE867007CA906 /* HomeViewController.swift in Sources */,
			);
			runOnlyForDeploymentPostprocessing = 0;
		};
/* End PBXSourcesBuildPhase section */

/* Begin PBXVariantGroup section */
		9A6C460D23C25B33008B6413 /* LaunchScreen.storyboard */ = {
			isa = PBXVariantGroup;
			children = (
				9A6C460E23C25B33008B6413 /* Base */,
			);
			name = LaunchScreen.storyboard;
			sourceTree = "<group>";
		};
/* End PBXVariantGroup section */

/* Begin XCBuildConfiguration section */
		9A6C461123C25B33008B6413 /* Debug */ = {
			isa = XCBuildConfiguration;
			buildSettings = {
				ALWAYS_SEARCH_USER_PATHS = NO;
				CLANG_ANALYZER_NONNULL = YES;
				CLANG_ANALYZER_NUMBER_OBJECT_CONVERSION = YES_AGGRESSIVE;
				CLANG_CXX_LANGUAGE_STANDARD = "gnu++14";
				CLANG_CXX_LIBRARY = "libc++";
				CLANG_ENABLE_MODULES = YES;
				CLANG_ENABLE_OBJC_ARC = YES;
				CLANG_ENABLE_OBJC_WEAK = YES;
				CLANG_WARN_BLOCK_CAPTURE_AUTORELEASING = YES;
				CLANG_WARN_BOOL_CONVERSION = YES;
				CLANG_WARN_COMMA = YES;
				CLANG_WARN_CONSTANT_CONVERSION = YES;
				CLANG_WARN_DEPRECATED_OBJC_IMPLEMENTATIONS = YES;
				CLANG_WARN_DIRECT_OBJC_ISA_USAGE = YES_ERROR;
				CLANG_WARN_DOCUMENTATION_COMMENTS = YES;
				CLANG_WARN_EMPTY_BODY = YES;
				CLANG_WARN_ENUM_CONVERSION = YES;
				CLANG_WARN_INFINITE_RECURSION = YES;
				CLANG_WARN_INT_CONVERSION = YES;
				CLANG_WARN_NON_LITERAL_NULL_CONVERSION = YES;
				CLANG_WARN_OBJC_IMPLICIT_RETAIN_SELF = YES;
				CLANG_WARN_OBJC_LITERAL_CONVERSION = YES;
				CLANG_WARN_OBJC_ROOT_CLASS = YES_ERROR;
				CLANG_WARN_RANGE_LOOP_ANALYSIS = YES;
				CLANG_WARN_STRICT_PROTOTYPES = YES;
				CLANG_WARN_SUSPICIOUS_MOVE = YES;
				CLANG_WARN_UNGUARDED_AVAILABILITY = YES_AGGRESSIVE;
				CLANG_WARN_UNREACHABLE_CODE = YES;
				CLANG_WARN__DUPLICATE_METHOD_MATCH = YES;
				COPY_PHASE_STRIP = NO;
				DEBUG_INFORMATION_FORMAT = dwarf;
				ENABLE_STRICT_OBJC_MSGSEND = YES;
				ENABLE_TESTABILITY = YES;
				GCC_C_LANGUAGE_STANDARD = gnu11;
				GCC_DYNAMIC_NO_PIC = NO;
				GCC_NO_COMMON_BLOCKS = YES;
				GCC_OPTIMIZATION_LEVEL = 0;
				GCC_PREPROCESSOR_DEFINITIONS = (
					"DEBUG=1",
					"$(inherited)",
				);
				GCC_WARN_64_TO_32_BIT_CONVERSION = YES;
				GCC_WARN_ABOUT_RETURN_TYPE = YES_ERROR;
				GCC_WARN_UNDECLARED_SELECTOR = YES;
				GCC_WARN_UNINITIALIZED_AUTOS = YES_AGGRESSIVE;
				GCC_WARN_UNUSED_FUNCTION = YES;
				GCC_WARN_UNUSED_VARIABLE = YES;
				IPHONEOS_DEPLOYMENT_TARGET = 13.0;
				MTL_ENABLE_DEBUG_INFO = INCLUDE_SOURCE;
				MTL_FAST_MATH = YES;
				ONLY_ACTIVE_ARCH = YES;
				SDKROOT = iphoneos;
				SWIFT_ACTIVE_COMPILATION_CONDITIONS = DEBUG;
				SWIFT_OPTIMIZATION_LEVEL = "-Onone";
			};
			name = Debug;
		};
		9A6C461223C25B33008B6413 /* Release */ = {
			isa = XCBuildConfiguration;
			buildSettings = {
				ALWAYS_SEARCH_USER_PATHS = NO;
				CLANG_ANALYZER_NONNULL = YES;
				CLANG_ANALYZER_NUMBER_OBJECT_CONVERSION = YES_AGGRESSIVE;
				CLANG_CXX_LANGUAGE_STANDARD = "gnu++14";
				CLANG_CXX_LIBRARY = "libc++";
				CLANG_ENABLE_MODULES = YES;
				CLANG_ENABLE_OBJC_ARC = YES;
				CLANG_ENABLE_OBJC_WEAK = YES;
				CLANG_WARN_BLOCK_CAPTURE_AUTORELEASING = YES;
				CLANG_WARN_BOOL_CONVERSION = YES;
				CLANG_WARN_COMMA = YES;
				CLANG_WARN_CONSTANT_CONVERSION = YES;
				CLANG_WARN_DEPRECATED_OBJC_IMPLEMENTATIONS = YES;
				CLANG_WARN_DIRECT_OBJC_ISA_USAGE = YES_ERROR;
				CLANG_WARN_DOCUMENTATION_COMMENTS = YES;
				CLANG_WARN_EMPTY_BODY = YES;
				CLANG_WARN_ENUM_CONVERSION = YES;
				CLANG_WARN_INFINITE_RECURSION = YES;
				CLANG_WARN_INT_CONVERSION = YES;
				CLANG_WARN_NON_LITERAL_NULL_CONVERSION = YES;
				CLANG_WARN_OBJC_IMPLICIT_RETAIN_SELF = YES;
				CLANG_WARN_OBJC_LITERAL_CONVERSION = YES;
				CLANG_WARN_OBJC_ROOT_CLASS = YES_ERROR;
				CLANG_WARN_RANGE_LOOP_ANALYSIS = YES;
				CLANG_WARN_STRICT_PROTOTYPES = YES;
				CLANG_WARN_SUSPICIOUS_MOVE = YES;
				CLANG_WARN_UNGUARDED_AVAILABILITY = YES_AGGRESSIVE;
				CLANG_WARN_UNREACHABLE_CODE = YES;
				CLANG_WARN__DUPLICATE_METHOD_MATCH = YES;
				COPY_PHASE_STRIP = NO;
				DEBUG_INFORMATION_FORMAT = "dwarf-with-dsym";
				ENABLE_NS_ASSERTIONS = NO;
				ENABLE_STRICT_OBJC_MSGSEND = YES;
				GCC_C_LANGUAGE_STANDARD = gnu11;
				GCC_NO_COMMON_BLOCKS = YES;
				GCC_WARN_64_TO_32_BIT_CONVERSION = YES;
				GCC_WARN_ABOUT_RETURN_TYPE = YES_ERROR;
				GCC_WARN_UNDECLARED_SELECTOR = YES;
				GCC_WARN_UNINITIALIZED_AUTOS = YES_AGGRESSIVE;
				GCC_WARN_UNUSED_FUNCTION = YES;
				GCC_WARN_UNUSED_VARIABLE = YES;
				IPHONEOS_DEPLOYMENT_TARGET = 13.0;
				MTL_ENABLE_DEBUG_INFO = NO;
				MTL_FAST_MATH = YES;
				SDKROOT = iphoneos;
				SWIFT_COMPILATION_MODE = wholemodule;
				SWIFT_OPTIMIZATION_LEVEL = "-O";
				VALIDATE_PRODUCT = YES;
			};
			name = Release;
		};
		9A6C461423C25B33008B6413 /* Debug */ = {
			isa = XCBuildConfiguration;
			baseConfigurationReference = 016B2C6A47961704F5EFBA1B /* Pods-Meeple.debug.xcconfig */;
			buildSettings = {
				ASSETCATALOG_COMPILER_APPICON_NAME = AppIcon;
				CODE_SIGN_STYLE = Automatic;
				DEVELOPMENT_TEAM = M35Y9MHDZC;
				INFOPLIST_FILE = Meeple/Info.plist;
				IPHONEOS_DEPLOYMENT_TARGET = 13.0;
				LD_RUNPATH_SEARCH_PATHS = (
					"$(inherited)",
					"@executable_path/Frameworks",
				);
				PRODUCT_BUNDLE_IDENTIFIER = com.Meeple.Meeple;
				PRODUCT_NAME = "$(TARGET_NAME)";
				SWIFT_VERSION = 5.0;
				TARGETED_DEVICE_FAMILY = "1,2";
			};
			name = Debug;
		};
		9A6C461523C25B33008B6413 /* Release */ = {
			isa = XCBuildConfiguration;
			baseConfigurationReference = 90CA202DBF08F8ACA4B78F5C /* Pods-Meeple.release.xcconfig */;
			buildSettings = {
				ASSETCATALOG_COMPILER_APPICON_NAME = AppIcon;
				CODE_SIGN_STYLE = Automatic;
				DEVELOPMENT_TEAM = M35Y9MHDZC;
				INFOPLIST_FILE = Meeple/Info.plist;
				IPHONEOS_DEPLOYMENT_TARGET = 13.0;
				LD_RUNPATH_SEARCH_PATHS = (
					"$(inherited)",
					"@executable_path/Frameworks",
				);
				PRODUCT_BUNDLE_IDENTIFIER = com.Meeple.Meeple;
				PRODUCT_NAME = "$(TARGET_NAME)";
				SWIFT_VERSION = 5.0;
				TARGETED_DEVICE_FAMILY = "1,2";
			};
			name = Release;
		};
/* End XCBuildConfiguration section */

/* Begin XCConfigurationList section */
		9A6C45FA23C25B32008B6413 /* Build configuration list for PBXProject "Meeple" */ = {
			isa = XCConfigurationList;
			buildConfigurations = (
				9A6C461123C25B33008B6413 /* Debug */,
				9A6C461223C25B33008B6413 /* Release */,
			);
			defaultConfigurationIsVisible = 0;
			defaultConfigurationName = Release;
		};
		9A6C461323C25B33008B6413 /* Build configuration list for PBXNativeTarget "Meeple" */ = {
			isa = XCConfigurationList;
			buildConfigurations = (
				9A6C461423C25B33008B6413 /* Debug */,
				9A6C461523C25B33008B6413 /* Release */,
			);
			defaultConfigurationIsVisible = 0;
			defaultConfigurationName = Release;
		};
/* End XCConfigurationList section */
	};
	rootObject = 9A6C45F723C25B32008B6413 /* Project object */;
}
