// !$*UTF8*$!
{
	archiveVersion = 1;
	classes = {
	};
	objectVersion = 50;
	objects = {

/* Begin PBXBuildFile section */
		9A16F79123CEC21D00401506 /* Welcome.storyboard in Resources */ = {isa = PBXBuildFile; fileRef = 9A16F79023CEC21D00401506 /* Welcome.storyboard */; };
		9A16F79323CEC25F00401506 /* WelcomeViewController.swift in Sources */ = {isa = PBXBuildFile; fileRef = 9A16F79223CEC25F00401506 /* WelcomeViewController.swift */; };
		9A31AA5923CDE81E007CA906 /* Home.storyboard in Resources */ = {isa = PBXBuildFile; fileRef = 9A31AA5823CDE81E007CA906 /* Home.storyboard */; };
		9A5C6BF123D08C90006C35AD /* Font Awesome 5 Brands-Regular-400.otf in Resources */ = {isa = PBXBuildFile; fileRef = 9A5C6BEE23D08C8E006C35AD /* Font Awesome 5 Brands-Regular-400.otf */; };
		9A5C6BF223D08C90006C35AD /* Font Awesome 5 Free-Regular-400.otf in Resources */ = {isa = PBXBuildFile; fileRef = 9A5C6BEF23D08C8F006C35AD /* Font Awesome 5 Free-Regular-400.otf */; };
		9A5C6BF323D08C90006C35AD /* Font Awesome 5 Free-Solid-900.otf in Resources */ = {isa = PBXBuildFile; fileRef = 9A5C6BF023D08C90006C35AD /* Font Awesome 5 Free-Solid-900.otf */; };
		9A6C460323C25B32008B6413 /* AppDelegate.swift in Sources */ = {isa = PBXBuildFile; fileRef = 9A6C460223C25B32008B6413 /* AppDelegate.swift */; };
		9A6C460523C25B32008B6413 /* SceneDelegate.swift in Sources */ = {isa = PBXBuildFile; fileRef = 9A6C460423C25B32008B6413 /* SceneDelegate.swift */; };
		9A6C460C23C25B33008B6413 /* Assets.xcassets in Resources */ = {isa = PBXBuildFile; fileRef = 9A6C460B23C25B33008B6413 /* Assets.xcassets */; };
		9A6C460F23C25B33008B6413 /* LaunchScreen.storyboard in Resources */ = {isa = PBXBuildFile; fileRef = 9A6C460D23C25B33008B6413 /* LaunchScreen.storyboard */; };
		9A6D5B9A23CF0DAA00CFB2B4 /* NotoSansJP-Bold.otf in Resources */ = {isa = PBXBuildFile; fileRef = 9A6D5B9823CF0DA600CFB2B4 /* NotoSansJP-Bold.otf */; };
		9A6D5B9B23CF0DAA00CFB2B4 /* NotoSansJP-Regular.otf in Resources */ = {isa = PBXBuildFile; fileRef = 9A6D5B9923CF0DAA00CFB2B4 /* NotoSansJP-Regular.otf */; };
		9A6EDE1223D5BFA900EA713C /* CustomNavigationViewController.swift in Sources */ = {isa = PBXBuildFile; fileRef = 9A6EDE1123D5BFA900EA713C /* CustomNavigationViewController.swift */; };
		9A76B7CF2423952F00E671C5 /* HomeTab.storyboard in Resources */ = {isa = PBXBuildFile; fileRef = 9A76B7CE2423952F00E671C5 /* HomeTab.storyboard */; };
		9A76B7D12423954D00E671C5 /* LikeTab.storyboard in Resources */ = {isa = PBXBuildFile; fileRef = 9A76B7D02423954D00E671C5 /* LikeTab.storyboard */; };
		9A76B7D32423955C00E671C5 /* MessageTab.storyboard in Resources */ = {isa = PBXBuildFile; fileRef = 9A76B7D22423955C00E671C5 /* MessageTab.storyboard */; };
		9A76B7D52423958100E671C5 /* OtherTab.storyboard in Resources */ = {isa = PBXBuildFile; fileRef = 9A76B7D42423958100E671C5 /* OtherTab.storyboard */; };
		9A76B7DB2423980300E671C5 /* HomeCollectionViewController.swift in Sources */ = {isa = PBXBuildFile; fileRef = 9A76B7DA2423980300E671C5 /* HomeCollectionViewController.swift */; };
		9A76B7DE2425024F00E671C5 /* HomeTabHeaderCollectionReusableView.swift in Sources */ = {isa = PBXBuildFile; fileRef = 9A76B7DC2425024F00E671C5 /* HomeTabHeaderCollectionReusableView.swift */; };
		9A76B7DF2425024F00E671C5 /* HomeTabHeaderCollectionReusableView.xib in Resources */ = {isa = PBXBuildFile; fileRef = 9A76B7DD2425024F00E671C5 /* HomeTabHeaderCollectionReusableView.xib */; };
		9A76B7E224250F0B00E671C5 /* UserCollectionViewCell.swift in Sources */ = {isa = PBXBuildFile; fileRef = 9A76B7E024250F0B00E671C5 /* UserCollectionViewCell.swift */; };
		9A76B7E324250F0B00E671C5 /* UserCollectionViewCell.xib in Resources */ = {isa = PBXBuildFile; fileRef = 9A76B7E124250F0B00E671C5 /* UserCollectionViewCell.xib */; };
		9A7C1F3223D4810000A0F472 /* NicknameRegisterViewController.swift in Sources */ = {isa = PBXBuildFile; fileRef = 9A7C1F3123D4810000A0F472 /* NicknameRegisterViewController.swift */; };
		9A885549240E55E700BB58EF /* UserProfileModel.swift in Sources */ = {isa = PBXBuildFile; fileRef = 9A885548240E55E700BB58EF /* UserProfileModel.swift */; };
		9A88554B240E7C7F00BB58EF /* RegionRegisterViewController.swift in Sources */ = {isa = PBXBuildFile; fileRef = 9A88554A240E7C7F00BB58EF /* RegionRegisterViewController.swift */; };
		9A88554D240E8DF300BB58EF /* GradeRegisterViewController.swift in Sources */ = {isa = PBXBuildFile; fileRef = 9A88554C240E8DF300BB58EF /* GradeRegisterViewController.swift */; };
		9A88554F240EE35500BB58EF /* ProfileImageRegisterViewController.swift in Sources */ = {isa = PBXBuildFile; fileRef = 9A88554E240EE35500BB58EF /* ProfileImageRegisterViewController.swift */; };
		9A89132024200AC20030818C /* CropVerifyImageViewController.swift in Sources */ = {isa = PBXBuildFile; fileRef = 9A89131F24200AC20030818C /* CropVerifyImageViewController.swift */; };
		9A8AEB4B23D6189000C31F3A /* ColorPalette.swift in Sources */ = {isa = PBXBuildFile; fileRef = 9A8AEB4A23D6189000C31F3A /* ColorPalette.swift */; };
		9A8AEB4D23D6C76500C31F3A /* TextFieldController.swift in Sources */ = {isa = PBXBuildFile; fileRef = 9A8AEB4C23D6C76500C31F3A /* TextFieldController.swift */; };
		9A8AEB4F23D6EFB100C31F3A /* GenderRegisterViewController.swift in Sources */ = {isa = PBXBuildFile; fileRef = 9A8AEB4E23D6EFB100C31F3A /* GenderRegisterViewController.swift */; };
		9A8AEB5423D71E1C00C31F3A /* RegisterTableViewCell.swift in Sources */ = {isa = PBXBuildFile; fileRef = 9A8AEB5223D71E1C00C31F3A /* RegisterTableViewCell.swift */; };
		9A8AEB5523D71E1C00C31F3A /* RegisterTableViewCell.xib in Resources */ = {isa = PBXBuildFile; fileRef = 9A8AEB5323D71E1C00C31F3A /* RegisterTableViewCell.xib */; };
		9AA137582440C67D009A4606 /* SetTermViewController.swift in Sources */ = {isa = PBXBuildFile; fileRef = 9AA137572440C67C009A4606 /* SetTermViewController.swift */; };
		9AA6821E23D2DA220004AD37 /* Register.storyboard in Resources */ = {isa = PBXBuildFile; fileRef = 9AA6821D23D2DA220004AD37 /* Register.storyboard */; };
		9AA6822123D2DBD80004AD37 /* CheckTermsViewController.swift in Sources */ = {isa = PBXBuildFile; fileRef = 9AA6822023D2DBD80004AD37 /* CheckTermsViewController.swift */; };
		9AB7F8A824214E0C0070FB3C /* GoogleService-Info.plist in Resources */ = {isa = PBXBuildFile; fileRef = 9AB7F8A724214E0C0070FB3C /* GoogleService-Info.plist */; };
		9AC18F652437803600D60B0F /* Default-568h@2x.png in Resources */ = {isa = PBXBuildFile; fileRef = 9A5E172723D0CE54005000F0 /* Default-568h@2x.png */; };
		9AC86D6A240D742100FFA997 /* UserSelectData.swift in Sources */ = {isa = PBXBuildFile; fileRef = 9AC86D69240D742100FFA997 /* UserSelectData.swift */; };
		9AD8173B2419B47500768A04 /* CropViewController.swift in Sources */ = {isa = PBXBuildFile; fileRef = 9AD8173A2419B47500768A04 /* CropViewController.swift */; };
		9ADD16A7241FAB3600042A73 /* DCModel.swift in Sources */ = {isa = PBXBuildFile; fileRef = 9ADD16A6241FAB3600042A73 /* DCModel.swift */; };
		9ADD16A9241FDBA500042A73 /* PersonalityRegisterViewController.swift in Sources */ = {isa = PBXBuildFile; fileRef = 9ADD16A8241FDBA500042A73 /* PersonalityRegisterViewController.swift */; };
		9ADD16AB241FDDC500042A73 /* LiquorRegisterViewController.swift in Sources */ = {isa = PBXBuildFile; fileRef = 9ADD16AA241FDDC500042A73 /* LiquorRegisterViewController.swift */; };
		9ADD16AF2420013A00042A73 /* VerifyRegisterViewController.swift in Sources */ = {isa = PBXBuildFile; fileRef = 9ADD16AE2420013A00042A73 /* VerifyRegisterViewController.swift */; };
		9ADD16B12420015600042A73 /* EndRegisterViewController.swift in Sources */ = {isa = PBXBuildFile; fileRef = 9ADD16B02420015600042A73 /* EndRegisterViewController.swift */; };
		C5D95AE3722C2FEE56761BCC /* Pods_Meeple.framework in Frameworks */ = {isa = PBXBuildFile; fileRef = 445EF727F4125388268A67D4 /* Pods_Meeple.framework */; };
/* End PBXBuildFile section */

/* Begin PBXFileReference section */
		016B2C6A47961704F5EFBA1B /* Pods-Meeple.debug.xcconfig */ = {isa = PBXFileReference; includeInIndex = 1; lastKnownFileType = text.xcconfig; name = "Pods-Meeple.debug.xcconfig"; path = "Pods/Target Support Files/Pods-Meeple/Pods-Meeple.debug.xcconfig"; sourceTree = "<group>"; };
		445EF727F4125388268A67D4 /* Pods_Meeple.framework */ = {isa = PBXFileReference; explicitFileType = wrapper.framework; includeInIndex = 0; path = Pods_Meeple.framework; sourceTree = BUILT_PRODUCTS_DIR; };
		90CA202DBF08F8ACA4B78F5C /* Pods-Meeple.release.xcconfig */ = {isa = PBXFileReference; includeInIndex = 1; lastKnownFileType = text.xcconfig; name = "Pods-Meeple.release.xcconfig"; path = "Pods/Target Support Files/Pods-Meeple/Pods-Meeple.release.xcconfig"; sourceTree = "<group>"; };
		9A16F79023CEC21D00401506 /* Welcome.storyboard */ = {isa = PBXFileReference; lastKnownFileType = file.storyboard; path = Welcome.storyboard; sourceTree = "<group>"; };
		9A16F79223CEC25F00401506 /* WelcomeViewController.swift */ = {isa = PBXFileReference; lastKnownFileType = sourcecode.swift; path = WelcomeViewController.swift; sourceTree = "<group>"; };
		9A31AA5823CDE81E007CA906 /* Home.storyboard */ = {isa = PBXFileReference; lastKnownFileType = file.storyboard; path = Home.storyboard; sourceTree = "<group>"; };
		9A5C6BEE23D08C8E006C35AD /* Font Awesome 5 Brands-Regular-400.otf */ = {isa = PBXFileReference; lastKnownFileType = file; path = "Font Awesome 5 Brands-Regular-400.otf"; sourceTree = "<group>"; };
		9A5C6BEF23D08C8F006C35AD /* Font Awesome 5 Free-Regular-400.otf */ = {isa = PBXFileReference; lastKnownFileType = file; path = "Font Awesome 5 Free-Regular-400.otf"; sourceTree = "<group>"; };
		9A5C6BF023D08C90006C35AD /* Font Awesome 5 Free-Solid-900.otf */ = {isa = PBXFileReference; lastKnownFileType = file; path = "Font Awesome 5 Free-Solid-900.otf"; sourceTree = "<group>"; };
		9A5E172723D0CE54005000F0 /* Default-568h@2x.png */ = {isa = PBXFileReference; lastKnownFileType = image.png; path = "Default-568h@2x.png"; sourceTree = "<group>"; };
		9A5E172923D0D3F0005000F0 /* Meeple.entitlements */ = {isa = PBXFileReference; lastKnownFileType = text.plist.entitlements; path = Meeple.entitlements; sourceTree = "<group>"; };
		9A6C45FF23C25B32008B6413 /* Meeple.app */ = {isa = PBXFileReference; explicitFileType = wrapper.application; includeInIndex = 0; path = Meeple.app; sourceTree = BUILT_PRODUCTS_DIR; };
		9A6C460223C25B32008B6413 /* AppDelegate.swift */ = {isa = PBXFileReference; lastKnownFileType = sourcecode.swift; path = AppDelegate.swift; sourceTree = "<group>"; };
		9A6C460423C25B32008B6413 /* SceneDelegate.swift */ = {isa = PBXFileReference; lastKnownFileType = sourcecode.swift; path = SceneDelegate.swift; sourceTree = "<group>"; };
		9A6C460B23C25B33008B6413 /* Assets.xcassets */ = {isa = PBXFileReference; lastKnownFileType = folder.assetcatalog; path = Assets.xcassets; sourceTree = "<group>"; };
		9A6C460E23C25B33008B6413 /* Base */ = {isa = PBXFileReference; lastKnownFileType = file.storyboard; name = Base; path = Base.lproj/LaunchScreen.storyboard; sourceTree = "<group>"; };
		9A6C461023C25B33008B6413 /* Info.plist */ = {isa = PBXFileReference; lastKnownFileType = text.plist.xml; path = Info.plist; sourceTree = "<group>"; };
		9A6D5B9823CF0DA600CFB2B4 /* NotoSansJP-Bold.otf */ = {isa = PBXFileReference; lastKnownFileType = file; path = "NotoSansJP-Bold.otf"; sourceTree = "<group>"; };
		9A6D5B9923CF0DAA00CFB2B4 /* NotoSansJP-Regular.otf */ = {isa = PBXFileReference; lastKnownFileType = file; path = "NotoSansJP-Regular.otf"; sourceTree = "<group>"; };
		9A6EDE1123D5BFA900EA713C /* CustomNavigationViewController.swift */ = {isa = PBXFileReference; lastKnownFileType = sourcecode.swift; path = CustomNavigationViewController.swift; sourceTree = "<group>"; };
		9A76B7CE2423952F00E671C5 /* HomeTab.storyboard */ = {isa = PBXFileReference; lastKnownFileType = file.storyboard; path = HomeTab.storyboard; sourceTree = "<group>"; };
		9A76B7D02423954D00E671C5 /* LikeTab.storyboard */ = {isa = PBXFileReference; lastKnownFileType = file.storyboard; path = LikeTab.storyboard; sourceTree = "<group>"; };
		9A76B7D22423955C00E671C5 /* MessageTab.storyboard */ = {isa = PBXFileReference; lastKnownFileType = file.storyboard; path = MessageTab.storyboard; sourceTree = "<group>"; };
		9A76B7D42423958100E671C5 /* OtherTab.storyboard */ = {isa = PBXFileReference; lastKnownFileType = file.storyboard; path = OtherTab.storyboard; sourceTree = "<group>"; };
		9A76B7DA2423980300E671C5 /* HomeCollectionViewController.swift */ = {isa = PBXFileReference; lastKnownFileType = sourcecode.swift; path = HomeCollectionViewController.swift; sourceTree = "<group>"; };
		9A76B7DC2425024F00E671C5 /* HomeTabHeaderCollectionReusableView.swift */ = {isa = PBXFileReference; lastKnownFileType = sourcecode.swift; path = HomeTabHeaderCollectionReusableView.swift; sourceTree = "<group>"; };
		9A76B7DD2425024F00E671C5 /* HomeTabHeaderCollectionReusableView.xib */ = {isa = PBXFileReference; lastKnownFileType = file.xib; path = HomeTabHeaderCollectionReusableView.xib; sourceTree = "<group>"; };
		9A76B7E024250F0B00E671C5 /* UserCollectionViewCell.swift */ = {isa = PBXFileReference; lastKnownFileType = sourcecode.swift; path = UserCollectionViewCell.swift; sourceTree = "<group>"; };
		9A76B7E124250F0B00E671C5 /* UserCollectionViewCell.xib */ = {isa = PBXFileReference; lastKnownFileType = file.xib; path = UserCollectionViewCell.xib; sourceTree = "<group>"; };
		9A7C1F3123D4810000A0F472 /* NicknameRegisterViewController.swift */ = {isa = PBXFileReference; lastKnownFileType = sourcecode.swift; path = NicknameRegisterViewController.swift; sourceTree = "<group>"; };
		9A885548240E55E700BB58EF /* UserProfileModel.swift */ = {isa = PBXFileReference; lastKnownFileType = sourcecode.swift; path = UserProfileModel.swift; sourceTree = "<group>"; };
		9A88554A240E7C7F00BB58EF /* RegionRegisterViewController.swift */ = {isa = PBXFileReference; lastKnownFileType = sourcecode.swift; path = RegionRegisterViewController.swift; sourceTree = "<group>"; };
		9A88554C240E8DF300BB58EF /* GradeRegisterViewController.swift */ = {isa = PBXFileReference; lastKnownFileType = sourcecode.swift; path = GradeRegisterViewController.swift; sourceTree = "<group>"; };
		9A88554E240EE35500BB58EF /* ProfileImageRegisterViewController.swift */ = {isa = PBXFileReference; lastKnownFileType = sourcecode.swift; path = ProfileImageRegisterViewController.swift; sourceTree = "<group>"; };
		9A89131F24200AC20030818C /* CropVerifyImageViewController.swift */ = {isa = PBXFileReference; lastKnownFileType = sourcecode.swift; path = CropVerifyImageViewController.swift; sourceTree = "<group>"; };
		9A8AEB4A23D6189000C31F3A /* ColorPalette.swift */ = {isa = PBXFileReference; lastKnownFileType = sourcecode.swift; path = ColorPalette.swift; sourceTree = "<group>"; };
		9A8AEB4C23D6C76500C31F3A /* TextFieldController.swift */ = {isa = PBXFileReference; lastKnownFileType = sourcecode.swift; path = TextFieldController.swift; sourceTree = "<group>"; };
		9A8AEB4E23D6EFB100C31F3A /* GenderRegisterViewController.swift */ = {isa = PBXFileReference; lastKnownFileType = sourcecode.swift; path = GenderRegisterViewController.swift; sourceTree = "<group>"; };
		9A8AEB5223D71E1C00C31F3A /* RegisterTableViewCell.swift */ = {isa = PBXFileReference; lastKnownFileType = sourcecode.swift; path = RegisterTableViewCell.swift; sourceTree = "<group>"; };
		9A8AEB5323D71E1C00C31F3A /* RegisterTableViewCell.xib */ = {isa = PBXFileReference; lastKnownFileType = file.xib; path = RegisterTableViewCell.xib; sourceTree = "<group>"; };
		9AA137572440C67C009A4606 /* SetTermViewController.swift */ = {isa = PBXFileReference; lastKnownFileType = sourcecode.swift; path = SetTermViewController.swift; sourceTree = "<group>"; };
		9AA6821D23D2DA220004AD37 /* Register.storyboard */ = {isa = PBXFileReference; lastKnownFileType = file.storyboard; path = Register.storyboard; sourceTree = "<group>"; };
		9AA6822023D2DBD80004AD37 /* CheckTermsViewController.swift */ = {isa = PBXFileReference; lastKnownFileType = sourcecode.swift; path = CheckTermsViewController.swift; sourceTree = "<group>"; };
		9AB7F8A724214E0C0070FB3C /* GoogleService-Info.plist */ = {isa = PBXFileReference; fileEncoding = 4; lastKnownFileType = text.plist.xml; path = "GoogleService-Info.plist"; sourceTree = "<group>"; };
		9AC86D69240D742100FFA997 /* UserSelectData.swift */ = {isa = PBXFileReference; lastKnownFileType = sourcecode.swift; path = UserSelectData.swift; sourceTree = "<group>"; };
		9AD8173A2419B47500768A04 /* CropViewController.swift */ = {isa = PBXFileReference; lastKnownFileType = sourcecode.swift; path = CropViewController.swift; sourceTree = "<group>"; };
		9ADD16A6241FAB3600042A73 /* DCModel.swift */ = {isa = PBXFileReference; lastKnownFileType = sourcecode.swift; path = DCModel.swift; sourceTree = "<group>"; };
		9ADD16A8241FDBA500042A73 /* PersonalityRegisterViewController.swift */ = {isa = PBXFileReference; lastKnownFileType = sourcecode.swift; path = PersonalityRegisterViewController.swift; sourceTree = "<group>"; };
		9ADD16AA241FDDC500042A73 /* LiquorRegisterViewController.swift */ = {isa = PBXFileReference; lastKnownFileType = sourcecode.swift; path = LiquorRegisterViewController.swift; sourceTree = "<group>"; };
		9ADD16AE2420013A00042A73 /* VerifyRegisterViewController.swift */ = {isa = PBXFileReference; lastKnownFileType = sourcecode.swift; path = VerifyRegisterViewController.swift; sourceTree = "<group>"; };
		9ADD16B02420015600042A73 /* EndRegisterViewController.swift */ = {isa = PBXFileReference; lastKnownFileType = sourcecode.swift; path = EndRegisterViewController.swift; sourceTree = "<group>"; };
/* End PBXFileReference section */

/* Begin PBXFrameworksBuildPhase section */
		9A6C45FC23C25B32008B6413 /* Frameworks */ = {
			isa = PBXFrameworksBuildPhase;
			buildActionMask = 2147483647;
			files = (
				C5D95AE3722C2FEE56761BCC /* Pods_Meeple.framework in Frameworks */,
			);
			runOnlyForDeploymentPostprocessing = 0;
		};
/* End PBXFrameworksBuildPhase section */

/* Begin PBXGroup section */
		69097865B89362D7253216CE /* Frameworks */ = {
			isa = PBXGroup;
			children = (
				445EF727F4125388268A67D4 /* Pods_Meeple.framework */,
			);
			name = Frameworks;
			sourceTree = "<group>";
		};
		9A31AA5523CDA276007CA906 /* Controllers */ = {
			isa = PBXGroup;
			children = (
				9A6EDE0E23D5B43000EA713C /* Custom */,
				9A6D5B9723CEE56500CFB2B4 /* HomeView */,
				9A6D5B9623CEE42F00CFB2B4 /* WelcomeView */,
				9AA6821F23D2DA560004AD37 /* RegisterView */,
			);
			path = Controllers;
			sourceTree = "<group>";
		};
		9A31AA5623CDA27F007CA906 /* Models */ = {
			isa = PBXGroup;
			children = (
				9A8AEB4A23D6189000C31F3A /* ColorPalette.swift */,
				9AC86D69240D742100FFA997 /* UserSelectData.swift */,
				9A885548240E55E700BB58EF /* UserProfileModel.swift */,
				9ADD16A6241FAB3600042A73 /* DCModel.swift */,
			);
			path = Models;
			sourceTree = "<group>";
		};
		9A31AA5723CDA286007CA906 /* Storyboards */ = {
			isa = PBXGroup;
			children = (
				9A6C460D23C25B33008B6413 /* LaunchScreen.storyboard */,
				9A31AA5823CDE81E007CA906 /* Home.storyboard */,
				9A16F79023CEC21D00401506 /* Welcome.storyboard */,
				9AA6821D23D2DA220004AD37 /* Register.storyboard */,
				9A76B7CE2423952F00E671C5 /* HomeTab.storyboard */,
				9A76B7D02423954D00E671C5 /* LikeTab.storyboard */,
				9A76B7D22423955C00E671C5 /* MessageTab.storyboard */,
				9A76B7D42423958100E671C5 /* OtherTab.storyboard */,
			);
			path = Storyboards;
			sourceTree = "<group>";
		};
		9A6C45F623C25B32008B6413 = {
			isa = PBXGroup;
			children = (
				9A5E172723D0CE54005000F0 /* Default-568h@2x.png */,
				9A6C460123C25B32008B6413 /* Meeple */,
				9A6C460023C25B32008B6413 /* Products */,
				AC51E799450DE8C1BE2999D6 /* Pods */,
				69097865B89362D7253216CE /* Frameworks */,
			);
			sourceTree = "<group>";
		};
		9A6C460023C25B32008B6413 /* Products */ = {
			isa = PBXGroup;
			children = (
				9A6C45FF23C25B32008B6413 /* Meeple.app */,
			);
			name = Products;
			sourceTree = "<group>";
		};
		9A6C460123C25B32008B6413 /* Meeple */ = {
			isa = PBXGroup;
			children = (
				9A6C460223C25B32008B6413 /* AppDelegate.swift */,
				9A6C460423C25B32008B6413 /* SceneDelegate.swift */,
				9A31AA5623CDA27F007CA906 /* Models */,
				9A31AA5523CDA276007CA906 /* Controllers */,
				9A31AA5723CDA286007CA906 /* Storyboards */,
				9A6C460B23C25B33008B6413 /* Assets.xcassets */,
				9A6C461023C25B33008B6413 /* Info.plist */,
				9AB7F8A724214E0C0070FB3C /* GoogleService-Info.plist */,
				9A6D5B9823CF0DA600CFB2B4 /* NotoSansJP-Bold.otf */,
				9A6D5B9923CF0DAA00CFB2B4 /* NotoSansJP-Regular.otf */,
				9A5C6BEE23D08C8E006C35AD /* Font Awesome 5 Brands-Regular-400.otf */,
				9A5C6BEF23D08C8F006C35AD /* Font Awesome 5 Free-Regular-400.otf */,
				9A5C6BF023D08C90006C35AD /* Font Awesome 5 Free-Solid-900.otf */,
				9A5E172923D0D3F0005000F0 /* Meeple.entitlements */,
			);
			path = Meeple;
			sourceTree = "<group>";
		};
		9A6D5B9623CEE42F00CFB2B4 /* WelcomeView */ = {
			isa = PBXGroup;
			children = (
				9A16F79223CEC25F00401506 /* WelcomeViewController.swift */,
			);
			path = WelcomeView;
			sourceTree = "<group>";
		};
		9A6D5B9723CEE56500CFB2B4 /* HomeView */ = {
			isa = PBXGroup;
			children = (
				9A76B7D92423971D00E671C5 /* OtherTab */,
				9A76B7D82423971500E671C5 /* MessageTab */,
				9A76B7D72423970700E671C5 /* LikeTab */,
				9A76B7D6242396FE00E671C5 /* HomeTab */,
			);
			path = HomeView;
			sourceTree = "<group>";
		};
		9A6EDE0E23D5B43000EA713C /* Custom */ = {
			isa = PBXGroup;
			children = (
				9A6EDE1123D5BFA900EA713C /* CustomNavigationViewController.swift */,
				9A8AEB4C23D6C76500C31F3A /* TextFieldController.swift */,
				9A8AEB5223D71E1C00C31F3A /* RegisterTableViewCell.swift */,
				9A8AEB5323D71E1C00C31F3A /* RegisterTableViewCell.xib */,
				9A76B7DC2425024F00E671C5 /* HomeTabHeaderCollectionReusableView.swift */,
				9A76B7DD2425024F00E671C5 /* HomeTabHeaderCollectionReusableView.xib */,
				9A76B7E024250F0B00E671C5 /* UserCollectionViewCell.swift */,
				9A76B7E124250F0B00E671C5 /* UserCollectionViewCell.xib */,
			);
			path = Custom;
			sourceTree = "<group>";
		};
		9A76B7D6242396FE00E671C5 /* HomeTab */ = {
			isa = PBXGroup;
			children = (
				9A76B7DA2423980300E671C5 /* HomeCollectionViewController.swift */,
				9AA137572440C67C009A4606 /* SetTermViewController.swift */,
			);
			path = HomeTab;
			sourceTree = "<group>";
		};
		9A76B7D72423970700E671C5 /* LikeTab */ = {
			isa = PBXGroup;
			children = (
			);
			path = LikeTab;
			sourceTree = "<group>";
		};
		9A76B7D82423971500E671C5 /* MessageTab */ = {
			isa = PBXGroup;
			children = (
			);
			path = MessageTab;
			sourceTree = "<group>";
		};
		9A76B7D92423971D00E671C5 /* OtherTab */ = {
			isa = PBXGroup;
			children = (
			);
			path = OtherTab;
			sourceTree = "<group>";
		};
		9AA6821F23D2DA560004AD37 /* RegisterView */ = {
			isa = PBXGroup;
			children = (
				9AA6822023D2DBD80004AD37 /* CheckTermsViewController.swift */,
				9A7C1F3123D4810000A0F472 /* NicknameRegisterViewController.swift */,
				9A8AEB4E23D6EFB100C31F3A /* GenderRegisterViewController.swift */,
				9A88554A240E7C7F00BB58EF /* RegionRegisterViewController.swift */,
				9A88554C240E8DF300BB58EF /* GradeRegisterViewController.swift */,
				9A88554E240EE35500BB58EF /* ProfileImageRegisterViewController.swift */,
				9AD8173A2419B47500768A04 /* CropViewController.swift */,
				9ADD16A8241FDBA500042A73 /* PersonalityRegisterViewController.swift */,
				9ADD16AE2420013A00042A73 /* VerifyRegisterViewController.swift */,
				9ADD16AA241FDDC500042A73 /* LiquorRegisterViewController.swift */,
				9A89131F24200AC20030818C /* CropVerifyImageViewController.swift */,
				9ADD16B02420015600042A73 /* EndRegisterViewController.swift */,
			);
			path = RegisterView;
			sourceTree = "<group>";
		};
		AC51E799450DE8C1BE2999D6 /* Pods */ = {
			isa = PBXGroup;
			children = (
				016B2C6A47961704F5EFBA1B /* Pods-Meeple.debug.xcconfig */,
				90CA202DBF08F8ACA4B78F5C /* Pods-Meeple.release.xcconfig */,
			);
			name = Pods;
			sourceTree = "<group>";
		};
/* End PBXGroup section */

/* Begin PBXNativeTarget section */
		9A6C45FE23C25B32008B6413 /* Meeple */ = {
			isa = PBXNativeTarget;
			buildConfigurationList = 9A6C461323C25B33008B6413 /* Build configuration list for PBXNativeTarget "Meeple" */;
			buildPhases = (
				A6AC20A246561D7BDCBDBB90 /* [CP] Check Pods Manifest.lock */,
				9A6C45FB23C25B32008B6413 /* Sources */,
				9A6C45FC23C25B32008B6413 /* Frameworks */,
				9A6C45FD23C25B32008B6413 /* Resources */,
				F6CDBEECB2349DF093DB7083 /* [CP] Embed Pods Frameworks */,
				9A444B9723C3A24D0059CDC1 /* ShellScript */,
				9281906E1CD3CB7B576301FD /* [CP] Copy Pods Resources */,
			);
			buildRules = (
			);
			dependencies = (
			);
			name = Meeple;
			productName = Meeple;
			productReference = 9A6C45FF23C25B32008B6413 /* Meeple.app */;
			productType = "com.apple.product-type.application";
		};
/* End PBXNativeTarget section */

/* Begin PBXProject section */
		9A6C45F723C25B32008B6413 /* Project object */ = {
			isa = PBXProject;
			attributes = {
				LastSwiftUpdateCheck = 1100;
				LastUpgradeCheck = 1100;
				ORGANIZATIONNAME = Meeple;
				TargetAttributes = {
					9A6C45FE23C25B32008B6413 = {
						CreatedOnToolsVersion = 11.0;
					};
				};
			};
			buildConfigurationList = 9A6C45FA23C25B32008B6413 /* Build configuration list for PBXProject "Meeple" */;
			compatibilityVersion = "Xcode 9.3";
			developmentRegion = en;
			hasScannedForEncodings = 0;
			knownRegions = (
				en,
				Base,
			);
			mainGroup = 9A6C45F623C25B32008B6413;
			productRefGroup = 9A6C460023C25B32008B6413 /* Products */;
			projectDirPath = "";
			projectRoot = "";
			targets = (
				9A6C45FE23C25B32008B6413 /* Meeple */,
			);
		};
/* End PBXProject section */

/* Begin PBXResourcesBuildPhase section */
		9A6C45FD23C25B32008B6413 /* Resources */ = {
			isa = PBXResourcesBuildPhase;
			buildActionMask = 2147483647;
			files = (
				9AB7F8A824214E0C0070FB3C /* GoogleService-Info.plist in Resources */,
				9A6D5B9B23CF0DAA00CFB2B4 /* NotoSansJP-Regular.otf in Resources */,
				9A76B7DF2425024F00E671C5 /* HomeTabHeaderCollectionReusableView.xib in Resources */,
				9A31AA5923CDE81E007CA906 /* Home.storyboard in Resources */,
				9A76B7D52423958100E671C5 /* OtherTab.storyboard in Resources */,
				9A76B7D12423954D00E671C5 /* LikeTab.storyboard in Resources */,
				9A6D5B9A23CF0DAA00CFB2B4 /* NotoSansJP-Bold.otf in Resources */,
				9A5C6BF123D08C90006C35AD /* Font Awesome 5 Brands-Regular-400.otf in Resources */,
				9A6C460F23C25B33008B6413 /* LaunchScreen.storyboard in Resources */,
				9A76B7D32423955C00E671C5 /* MessageTab.storyboard in Resources */,
				9A16F79123CEC21D00401506 /* Welcome.storyboard in Resources */,
				9A5C6BF223D08C90006C35AD /* Font Awesome 5 Free-Regular-400.otf in Resources */,
				9AC18F652437803600D60B0F /* Default-568h@2x.png in Resources */,
				9A76B7CF2423952F00E671C5 /* HomeTab.storyboard in Resources */,
				9A8AEB5523D71E1C00C31F3A /* RegisterTableViewCell.xib in Resources */,
				9A76B7E324250F0B00E671C5 /* UserCollectionViewCell.xib in Resources */,
				9A6C460C23C25B33008B6413 /* Assets.xcassets in Resources */,
				9A5C6BF323D08C90006C35AD /* Font Awesome 5 Free-Solid-900.otf in Resources */,
				9AA6821E23D2DA220004AD37 /* Register.storyboard in Resources */,
			);
			runOnlyForDeploymentPostprocessing = 0;
		};
/* End PBXResourcesBuildPhase section */

/* Begin PBXShellScriptBuildPhase section */
		9281906E1CD3CB7B576301FD /* [CP] Copy Pods Resources */ = {
			isa = PBXShellScriptBuildPhase;
			buildActionMask = 2147483647;
			files = (
			);
			inputFileListPaths = (
			);
			inputPaths = (
				"${SRCROOT}/Pods/Target Support Files/Pods-Meeple/Pods-Meeple-resources.sh",
				"${PODS_CONFIGURATION_BUILD_DIR}/FirebaseUI/FirebaseAnonymousAuthUI.bundle",
				"${PODS_CONFIGURATION_BUILD_DIR}/FirebaseUI/FirebaseAuthUI.bundle",
				"${PODS_CONFIGURATION_BUILD_DIR}/FirebaseUI/FirebaseEmailAuthUI.bundle",
				"${PODS_CONFIGURATION_BUILD_DIR}/FirebaseUI/FirebaseFacebookAuthUI.bundle",
				"${PODS_CONFIGURATION_BUILD_DIR}/FirebaseUI/FirebaseGoogleAuthUI.bundle",
				"${PODS_CONFIGURATION_BUILD_DIR}/FirebaseUI/FirebaseOAuthUI.bundle",
				"${PODS_CONFIGURATION_BUILD_DIR}/FirebaseUI/FirebasePhoneAuthUI.bundle",
				"${PODS_ROOT}/GoogleSignIn/Resources/GoogleSignIn.bundle",
			);
			name = "[CP] Copy Pods Resources";
			outputFileListPaths = (
			);
			outputPaths = (
				"${TARGET_BUILD_DIR}/${UNLOCALIZED_RESOURCES_FOLDER_PATH}/FirebaseAnonymousAuthUI.bundle",
				"${TARGET_BUILD_DIR}/${UNLOCALIZED_RESOURCES_FOLDER_PATH}/FirebaseAuthUI.bundle",
				"${TARGET_BUILD_DIR}/${UNLOCALIZED_RESOURCES_FOLDER_PATH}/FirebaseEmailAuthUI.bundle",
				"${TARGET_BUILD_DIR}/${UNLOCALIZED_RESOURCES_FOLDER_PATH}/FirebaseFacebookAuthUI.bundle",
				"${TARGET_BUILD_DIR}/${UNLOCALIZED_RESOURCES_FOLDER_PATH}/FirebaseGoogleAuthUI.bundle",
				"${TARGET_BUILD_DIR}/${UNLOCALIZED_RESOURCES_FOLDER_PATH}/FirebaseOAuthUI.bundle",
				"${TARGET_BUILD_DIR}/${UNLOCALIZED_RESOURCES_FOLDER_PATH}/FirebasePhoneAuthUI.bundle",
				"${TARGET_BUILD_DIR}/${UNLOCALIZED_RESOURCES_FOLDER_PATH}/GoogleSignIn.bundle",
			);
			runOnlyForDeploymentPostprocessing = 0;
			shellPath = /bin/sh;
			shellScript = "\"${SRCROOT}/Pods/Target Support Files/Pods-Meeple/Pods-Meeple-resources.sh\"\n";
			showEnvVarsInLog = 0;
		};
		9A444B9723C3A24D0059CDC1 /* ShellScript */ = {
			isa = PBXShellScriptBuildPhase;
			buildActionMask = 2147483647;
			files = (
			);
			inputFileListPaths = (
			);
			inputPaths = (
			);
			outputFileListPaths = (
			);
			outputPaths = (
			);
			runOnlyForDeploymentPostprocessing = 0;
			shellPath = /bin/sh;
			shellScript = "# Type a script or drag a script file from your workspace to insert its path.\n\"${PODS_ROOT}/SwiftLint/swiftlint\"\n";
		};
		A6AC20A246561D7BDCBDBB90 /* [CP] Check Pods Manifest.lock */ = {
			isa = PBXShellScriptBuildPhase;
			buildActionMask = 2147483647;
			files = (
			);
			inputFileListPaths = (
			);
			inputPaths = (
				"${PODS_PODFILE_DIR_PATH}/Podfile.lock",
				"${PODS_ROOT}/Manifest.lock",
			);
			name = "[CP] Check Pods Manifest.lock";
			outputFileListPaths = (
			);
			outputPaths = (
				"$(DERIVED_FILE_DIR)/Pods-Meeple-checkManifestLockResult.txt",
			);
			runOnlyForDeploymentPostprocessing = 0;
			shellPath = /bin/sh;
			shellScript = "diff \"${PODS_PODFILE_DIR_PATH}/Podfile.lock\" \"${PODS_ROOT}/Manifest.lock\" > /dev/null\nif [ $? != 0 ] ; then\n    # print error to STDERR\n    echo \"error: The sandbox is not in sync with the Podfile.lock. Run 'pod install' or update your CocoaPods installation.\" >&2\n    exit 1\nfi\n# This output is used by Xcode 'outputs' to avoid re-running this script phase.\necho \"SUCCESS\" > \"${SCRIPT_OUTPUT_FILE_0}\"\n";
			showEnvVarsInLog = 0;
		};
		F6CDBEECB2349DF093DB7083 /* [CP] Embed Pods Frameworks */ = {
			isa = PBXShellScriptBuildPhase;
			buildActionMask = 2147483647;
			files = (
			);
			inputFileListPaths = (
			);
			inputPaths = (
				"${SRCROOT}/Pods/Target Support Files/Pods-Meeple/Pods-Meeple-frameworks.sh",
				"${BUILT_PRODUCTS_DIR}/AppAuth/AppAuth.framework",
				"${BUILT_PRODUCTS_DIR}/BoringSSL-GRPC/openssl_grpc.framework",
				"${BUILT_PRODUCTS_DIR}/CodableFirebase/CodableFirebase.framework",
				"${BUILT_PRODUCTS_DIR}/FBSDKCoreKit/FBSDKCoreKit.framework",
				"${BUILT_PRODUCTS_DIR}/FBSDKLoginKit/FBSDKLoginKit.framework",
				"${BUILT_PRODUCTS_DIR}/GTMAppAuth/GTMAppAuth.framework",
				"${BUILT_PRODUCTS_DIR}/GTMSessionFetcher/GTMSessionFetcher.framework",
				"${BUILT_PRODUCTS_DIR}/GoogleUtilities/GoogleUtilities.framework",
				"${BUILT_PRODUCTS_DIR}/Nuke/Nuke.framework",
				"${BUILT_PRODUCTS_DIR}/Protobuf/protobuf.framework",
				"${BUILT_PRODUCTS_DIR}/SDWebImage/SDWebImage.framework",
				"${BUILT_PRODUCTS_DIR}/SVProgressHUD/SVProgressHUD.framework",
				"${BUILT_PRODUCTS_DIR}/abseil/absl.framework",
				"${BUILT_PRODUCTS_DIR}/gRPC-C++/grpcpp.framework",
				"${BUILT_PRODUCTS_DIR}/gRPC-Core/grpc.framework",
				"${BUILT_PRODUCTS_DIR}/leveldb-library/leveldb.framework",
				"${BUILT_PRODUCTS_DIR}/nanopb/nanopb.framework",
			);
			name = "[CP] Embed Pods Frameworks";
			outputFileListPaths = (
			);
			outputPaths = (
				"${TARGET_BUILD_DIR}/${FRAMEWORKS_FOLDER_PATH}/AppAuth.framework",
				"${TARGET_BUILD_DIR}/${FRAMEWORKS_FOLDER_PATH}/openssl_grpc.framework",
				"${TARGET_BUILD_DIR}/${FRAMEWORKS_FOLDER_PATH}/CodableFirebase.framework",
				"${TARGET_BUILD_DIR}/${FRAMEWORKS_FOLDER_PATH}/FBSDKCoreKit.framework",
				"${TARGET_BUILD_DIR}/${FRAMEWORKS_FOLDER_PATH}/FBSDKLoginKit.framework",
				"${TARGET_BUILD_DIR}/${FRAMEWORKS_FOLDER_PATH}/GTMAppAuth.framework",
				"${TARGET_BUILD_DIR}/${FRAMEWORKS_FOLDER_PATH}/GTMSessionFetcher.framework",
				"${TARGET_BUILD_DIR}/${FRAMEWORKS_FOLDER_PATH}/GoogleUtilities.framework",
				"${TARGET_BUILD_DIR}/${FRAMEWORKS_FOLDER_PATH}/Nuke.framework",
				"${TARGET_BUILD_DIR}/${FRAMEWORKS_FOLDER_PATH}/protobuf.framework",
				"${TARGET_BUILD_DIR}/${FRAMEWORKS_FOLDER_PATH}/SDWebImage.framework",
				"${TARGET_BUILD_DIR}/${FRAMEWORKS_FOLDER_PATH}/SVProgressHUD.framework",
				"${TARGET_BUILD_DIR}/${FRAMEWORKS_FOLDER_PATH}/absl.framework",
				"${TARGET_BUILD_DIR}/${FRAMEWORKS_FOLDER_PATH}/grpcpp.framework",
				"${TARGET_BUILD_DIR}/${FRAMEWORKS_FOLDER_PATH}/grpc.framework",
				"${TARGET_BUILD_DIR}/${FRAMEWORKS_FOLDER_PATH}/leveldb.framework",
				"${TARGET_BUILD_DIR}/${FRAMEWORKS_FOLDER_PATH}/nanopb.framework",
			);
			runOnlyForDeploymentPostprocessing = 0;
			shellPath = /bin/sh;
			shellScript = "\"${SRCROOT}/Pods/Target Support Files/Pods-Meeple/Pods-Meeple-frameworks.sh\"\n";
			showEnvVarsInLog = 0;
		};
/* End PBXShellScriptBuildPhase section */

/* Begin PBXSourcesBuildPhase section */
		9A6C45FB23C25B32008B6413 /* Sources */ = {
			isa = PBXSourcesBuildPhase;
			buildActionMask = 2147483647;
			files = (
				9A8AEB4D23D6C76500C31F3A /* TextFieldController.swift in Sources */,
				9AA6822123D2DBD80004AD37 /* CheckTermsViewController.swift in Sources */,
				9A88554F240EE35500BB58EF /* ProfileImageRegisterViewController.swift in Sources */,
				9A885549240E55E700BB58EF /* UserProfileModel.swift in Sources */,
				9A76B7E224250F0B00E671C5 /* UserCollectionViewCell.swift in Sources */,
				9A6EDE1223D5BFA900EA713C /* CustomNavigationViewController.swift in Sources */,
				9A7C1F3223D4810000A0F472 /* NicknameRegisterViewController.swift in Sources */,
				9A6C460323C25B32008B6413 /* AppDelegate.swift in Sources */,
				9A76B7DE2425024F00E671C5 /* HomeTabHeaderCollectionReusableView.swift in Sources */,
				9ADD16B12420015600042A73 /* EndRegisterViewController.swift in Sources */,
				9A76B7DB2423980300E671C5 /* HomeCollectionViewController.swift in Sources */,
				9A8AEB4B23D6189000C31F3A /* ColorPalette.swift in Sources */,
				9ADD16A7241FAB3600042A73 /* DCModel.swift in Sources */,
				9AD8173B2419B47500768A04 /* CropViewController.swift in Sources */,
				9A88554B240E7C7F00BB58EF /* RegionRegisterViewController.swift in Sources */,
				9AA137582440C67D009A4606 /* SetTermViewController.swift in Sources */,
				9A16F79323CEC25F00401506 /* WelcomeViewController.swift in Sources */,
				9A89132024200AC20030818C /* CropVerifyImageViewController.swift in Sources */,
				9A88554D240E8DF300BB58EF /* GradeRegisterViewController.swift in Sources */,
				9ADD16AF2420013A00042A73 /* VerifyRegisterViewController.swift in Sources */,
				9ADD16AB241FDDC500042A73 /* LiquorRegisterViewController.swift in Sources */,
				9AC86D6A240D742100FFA997 /* UserSelectData.swift in Sources */,
				9A6C460523C25B32008B6413 /* SceneDelegate.swift in Sources */,
				9A8AEB5423D71E1C00C31F3A /* RegisterTableViewCell.swift in Sources */,
				9ADD16A9241FDBA500042A73 /* PersonalityRegisterViewController.swift in Sources */,
				9A8AEB4F23D6EFB100C31F3A /* GenderRegisterViewController.swift in Sources */,
			);
			runOnlyForDeploymentPostprocessing = 0;
		};
/* End PBXSourcesBuildPhase section */

/* Begin PBXVariantGroup section */
		9A6C460D23C25B33008B6413 /* LaunchScreen.storyboard */ = {
			isa = PBXVariantGroup;
			children = (
				9A6C460E23C25B33008B6413 /* Base */,
			);
			name = LaunchScreen.storyboard;
			sourceTree = "<group>";
		};
/* End PBXVariantGroup section */

/* Begin XCBuildConfiguration section */
		9A6C461123C25B33008B6413 /* Debug */ = {
			isa = XCBuildConfiguration;
			buildSettings = {
				ALWAYS_SEARCH_USER_PATHS = NO;
				CLANG_ANALYZER_NONNULL = YES;
				CLANG_ANALYZER_NUMBER_OBJECT_CONVERSION = YES_AGGRESSIVE;
				CLANG_CXX_LANGUAGE_STANDARD = "gnu++14";
				CLANG_CXX_LIBRARY = "libc++";
				CLANG_ENABLE_MODULES = YES;
				CLANG_ENABLE_OBJC_ARC = YES;
				CLANG_ENABLE_OBJC_WEAK = YES;
				CLANG_WARN_BLOCK_CAPTURE_AUTORELEASING = YES;
				CLANG_WARN_BOOL_CONVERSION = YES;
				CLANG_WARN_COMMA = YES;
				CLANG_WARN_CONSTANT_CONVERSION = YES;
				CLANG_WARN_DEPRECATED_OBJC_IMPLEMENTATIONS = YES;
				CLANG_WARN_DIRECT_OBJC_ISA_USAGE = YES_ERROR;
				CLANG_WARN_DOCUMENTATION_COMMENTS = YES;
				CLANG_WARN_EMPTY_BODY = YES;
				CLANG_WARN_ENUM_CONVERSION = YES;
				CLANG_WARN_INFINITE_RECURSION = YES;
				CLANG_WARN_INT_CONVERSION = YES;
				CLANG_WARN_NON_LITERAL_NULL_CONVERSION = YES;
				CLANG_WARN_OBJC_IMPLICIT_RETAIN_SELF = YES;
				CLANG_WARN_OBJC_LITERAL_CONVERSION = YES;
				CLANG_WARN_OBJC_ROOT_CLASS = YES_ERROR;
				CLANG_WARN_RANGE_LOOP_ANALYSIS = YES;
				CLANG_WARN_STRICT_PROTOTYPES = YES;
				CLANG_WARN_SUSPICIOUS_MOVE = YES;
				CLANG_WARN_UNGUARDED_AVAILABILITY = YES_AGGRESSIVE;
				CLANG_WARN_UNREACHABLE_CODE = YES;
				CLANG_WARN__DUPLICATE_METHOD_MATCH = YES;
				COPY_PHASE_STRIP = NO;
				DEBUG_INFORMATION_FORMAT = dwarf;
				ENABLE_STRICT_OBJC_MSGSEND = YES;
				ENABLE_TESTABILITY = YES;
				GCC_C_LANGUAGE_STANDARD = gnu11;
				GCC_DYNAMIC_NO_PIC = NO;
				GCC_NO_COMMON_BLOCKS = YES;
				GCC_OPTIMIZATION_LEVEL = 0;
				GCC_PREPROCESSOR_DEFINITIONS = (
					"DEBUG=1",
					"$(inherited)",
				);
				GCC_WARN_64_TO_32_BIT_CONVERSION = YES;
				GCC_WARN_ABOUT_RETURN_TYPE = YES_ERROR;
				GCC_WARN_UNDECLARED_SELECTOR = YES;
				GCC_WARN_UNINITIALIZED_AUTOS = YES_AGGRESSIVE;
				GCC_WARN_UNUSED_FUNCTION = YES;
				GCC_WARN_UNUSED_VARIABLE = YES;
				IPHONEOS_DEPLOYMENT_TARGET = 13.0;
				MTL_ENABLE_DEBUG_INFO = INCLUDE_SOURCE;
				MTL_FAST_MATH = YES;
				ONLY_ACTIVE_ARCH = YES;
				OTHER_LDFLAGS = "-ObjC";
				SDKROOT = iphoneos;
				SWIFT_ACTIVE_COMPILATION_CONDITIONS = DEBUG;
				SWIFT_OPTIMIZATION_LEVEL = "-Onone";
			};
			name = Debug;
		};
		9A6C461223C25B33008B6413 /* Release */ = {
			isa = XCBuildConfiguration;
			buildSettings = {
				ALWAYS_SEARCH_USER_PATHS = NO;
				CLANG_ANALYZER_NONNULL = YES;
				CLANG_ANALYZER_NUMBER_OBJECT_CONVERSION = YES_AGGRESSIVE;
				CLANG_CXX_LANGUAGE_STANDARD = "gnu++14";
				CLANG_CXX_LIBRARY = "libc++";
				CLANG_ENABLE_MODULES = YES;
				CLANG_ENABLE_OBJC_ARC = YES;
				CLANG_ENABLE_OBJC_WEAK = YES;
				CLANG_WARN_BLOCK_CAPTURE_AUTORELEASING = YES;
				CLANG_WARN_BOOL_CONVERSION = YES;
				CLANG_WARN_COMMA = YES;
				CLANG_WARN_CONSTANT_CONVERSION = YES;
				CLANG_WARN_DEPRECATED_OBJC_IMPLEMENTATIONS = YES;
				CLANG_WARN_DIRECT_OBJC_ISA_USAGE = YES_ERROR;
				CLANG_WARN_DOCUMENTATION_COMMENTS = YES;
				CLANG_WARN_EMPTY_BODY = YES;
				CLANG_WARN_ENUM_CONVERSION = YES;
				CLANG_WARN_INFINITE_RECURSION = YES;
				CLANG_WARN_INT_CONVERSION = YES;
				CLANG_WARN_NON_LITERAL_NULL_CONVERSION = YES;
				CLANG_WARN_OBJC_IMPLICIT_RETAIN_SELF = YES;
				CLANG_WARN_OBJC_LITERAL_CONVERSION = YES;
				CLANG_WARN_OBJC_ROOT_CLASS = YES_ERROR;
				CLANG_WARN_RANGE_LOOP_ANALYSIS = YES;
				CLANG_WARN_STRICT_PROTOTYPES = YES;
				CLANG_WARN_SUSPICIOUS_MOVE = YES;
				CLANG_WARN_UNGUARDED_AVAILABILITY = YES_AGGRESSIVE;
				CLANG_WARN_UNREACHABLE_CODE = YES;
				CLANG_WARN__DUPLICATE_METHOD_MATCH = YES;
				COPY_PHASE_STRIP = NO;
				DEBUG_INFORMATION_FORMAT = "dwarf-with-dsym";
				ENABLE_NS_ASSERTIONS = NO;
				ENABLE_STRICT_OBJC_MSGSEND = YES;
				GCC_C_LANGUAGE_STANDARD = gnu11;
				GCC_NO_COMMON_BLOCKS = YES;
				GCC_WARN_64_TO_32_BIT_CONVERSION = YES;
				GCC_WARN_ABOUT_RETURN_TYPE = YES_ERROR;
				GCC_WARN_UNDECLARED_SELECTOR = YES;
				GCC_WARN_UNINITIALIZED_AUTOS = YES_AGGRESSIVE;
				GCC_WARN_UNUSED_FUNCTION = YES;
				GCC_WARN_UNUSED_VARIABLE = YES;
				IPHONEOS_DEPLOYMENT_TARGET = 13.0;
				MTL_ENABLE_DEBUG_INFO = NO;
				MTL_FAST_MATH = YES;
				OTHER_LDFLAGS = "-ObjC";
				SDKROOT = iphoneos;
				SWIFT_COMPILATION_MODE = wholemodule;
				SWIFT_OPTIMIZATION_LEVEL = "-O";
				VALIDATE_PRODUCT = YES;
			};
			name = Release;
		};
		9A6C461423C25B33008B6413 /* Debug */ = {
			isa = XCBuildConfiguration;
			baseConfigurationReference = 016B2C6A47961704F5EFBA1B /* Pods-Meeple.debug.xcconfig */;
			buildSettings = {
				ASSETCATALOG_COMPILER_APPICON_NAME = AppIcon;
				CODE_SIGN_ENTITLEMENTS = Meeple/Meeple.entitlements;
				CODE_SIGN_STYLE = Automatic;
				DEVELOPMENT_TEAM = M35Y9MHDZC;
				INFOPLIST_FILE = Meeple/Info.plist;
				IPHONEOS_DEPLOYMENT_TARGET = 13.0;
				LD_RUNPATH_SEARCH_PATHS = (
					"$(inherited)",
					"@executable_path/Frameworks",
				);
				PRODUCT_BUNDLE_IDENTIFIER = com.Meeple.Meeple;
				PRODUCT_NAME = "$(TARGET_NAME)";
				SWIFT_VERSION = 5.0;
				TARGETED_DEVICE_FAMILY = "1,2";
			};
			name = Debug;
		};
		9A6C461523C25B33008B6413 /* Release */ = {
			isa = XCBuildConfiguration;
			baseConfigurationReference = 90CA202DBF08F8ACA4B78F5C /* Pods-Meeple.release.xcconfig */;
			buildSettings = {
				ASSETCATALOG_COMPILER_APPICON_NAME = AppIcon;
				CODE_SIGN_ENTITLEMENTS = Meeple/Meeple.entitlements;
				CODE_SIGN_STYLE = Automatic;
				DEVELOPMENT_TEAM = M35Y9MHDZC;
				INFOPLIST_FILE = Meeple/Info.plist;
				IPHONEOS_DEPLOYMENT_TARGET = 13.0;
				LD_RUNPATH_SEARCH_PATHS = (
					"$(inherited)",
					"@executable_path/Frameworks",
				);
				PRODUCT_BUNDLE_IDENTIFIER = com.Meeple.Meeple;
				PRODUCT_NAME = "$(TARGET_NAME)";
				SWIFT_VERSION = 5.0;
				TARGETED_DEVICE_FAMILY = "1,2";
			};
			name = Release;
		};
/* End XCBuildConfiguration section */

/* Begin XCConfigurationList section */
		9A6C45FA23C25B32008B6413 /* Build configuration list for PBXProject "Meeple" */ = {
			isa = XCConfigurationList;
			buildConfigurations = (
				9A6C461123C25B33008B6413 /* Debug */,
				9A6C461223C25B33008B6413 /* Release */,
			);
			defaultConfigurationIsVisible = 0;
			defaultConfigurationName = Release;
		};
		9A6C461323C25B33008B6413 /* Build configuration list for PBXNativeTarget "Meeple" */ = {
			isa = XCConfigurationList;
			buildConfigurations = (
				9A6C461423C25B33008B6413 /* Debug */,
				9A6C461523C25B33008B6413 /* Release */,
			);
			defaultConfigurationIsVisible = 0;
			defaultConfigurationName = Release;
		};
/* End XCConfigurationList section */
	};
	rootObject = 9A6C45F723C25B32008B6413 /* Project object */;
}
